
Microsoft Visual Studio Solution File, Format Version 12.00
# Visual Studio Version 17
VisualStudioVersion = 17.8.34408.163
MinimumVisualStudioVersion = 10.0.40219.1
Project("{FAE04EC0-301F-11D3-BF4B-00C04F79EFBC}") = "Mission#8", "Mission#8.csproj", "{7799FB55-939E-43EE-9C5A-0CF2D85AA861}"
EndProject
Global
	GlobalSection(SolutionConfigurationPlatforms) = preSolution
		Debug|Any CPU = Debug|Any CPU
		Release|Any CPU = Release|Any CPU
	EndGlobalSection
	GlobalSection(ProjectConfigurationPlatforms) = postSolution
		{7799FB55-939E-43EE-9C5A-0CF2D85AA861}.Debug|Any CPU.ActiveCfg = Debug|Any CPU
		{7799FB55-939E-43EE-9C5A-0CF2D85AA861}.Debug|Any CPU.Build.0 = Debug|Any CPU
		{7799FB55-939E-43EE-9C5A-0CF2D85AA861}.Release|Any CPU.ActiveCfg = Release|Any CPU
		{7799FB55-939E-43EE-9C5A-0CF2D85AA861}.Release|Any CPU.Build.0 = Release|Any CPU
	EndGlobalSection
	GlobalSection(SolutionProperties) = preSolution
		HideSolutionNode = FALSE
	EndGlobalSection
	GlobalSection(ExtensibilityGlobals) = postSolution
		SolutionGuid = {66EB8A1A-B7FA-4E95-929E-68E00B1B062B}
	EndGlobalSection
EndGlobal
